
Microsoft Visual Studio Solution File, Format Version 12.00
# Visual Studio 15
VisualStudioVersion = 15.0.28307.645
MinimumVisualStudioVersion = 10.0.40219.1
Project("{9A19103F-16F7-4668-BE54-9A1E7A4F7556}") = "PartyInvites", "PartyInvites\PartyInvites.csproj", "{845F5148-2E4C-4A2F-B2CA-B5E4FBDC19D2}"
EndProject
Global
	GlobalSection(SolutionConfigurationPlatforms) = preSolution
		Debug|Any CPU = Debug|Any CPU
		Release|Any CPU = Release|Any CPU
	EndGlobalSection
	GlobalSection(ProjectConfigurationPlatforms) = postSolution
		{845F5148-2E4C-4A2F-B2CA-B5E4FBDC19D2}.Debug|Any CPU.ActiveCfg = Debug|Any CPU
		{845F5148-2E4C-4A2F-B2CA-B5E4FBDC19D2}.Debug|Any CPU.Build.0 = Debug|Any CPU
		{845F5148-2E4C-4A2F-B2CA-B5E4FBDC19D2}.Release|Any CPU.ActiveCfg = Release|Any CPU
		{845F5148-2E4C-4A2F-B2CA-B5E4FBDC19D2}.Release|Any CPU.Build.0 = Release|Any CPU
	EndGlobalSection
	GlobalSection(SolutionProperties) = preSolution
		HideSolutionNode = FALSE
	EndGlobalSection
	GlobalSection(ExtensibilityGlobals) = postSolution
		SolutionGuid = {2E062579-FBEA-419A-8EC1-94D3C0A045E0}
	EndGlobalSection
EndGlobal
